# This file is automatically @generated by Cargo.
# It is not intended for manual editing.
# Held at v3 rather than v4 so the declared rust-version can actually build it:
# a v4 lock needs Cargo 1.78+, which would make the MSRV unverifiable from a
# checkout. Nothing is pinned here anyway — the crate has no dependencies.
version = 3

[[package]]
name = "xaddr"
version = "0.2.1"
